// !$*UTF8*$!
{
	archiveVersion = 1;
	classes = {
	};
	objectVersion = 50;
	objects = {

/* Begin PBXBuildFile section */
		A4DA00DC23787D2E00F9239B /* AppDelegate.swift in Sources */ = {isa = PBXBuildFile; fileRef = A4DA00DB23787D2E00F9239B /* AppDelegate.swift */; };
		A4DA00E523787D3000F9239B /* Assets.xcassets in Resources */ = {isa = PBXBuildFile; fileRef = A4DA00E423787D3000F9239B /* Assets.xcassets */; };
		A4DA00E823787D3000F9239B /* LaunchScreen.storyboard in Resources */ = {isa = PBXBuildFile; fileRef = A4DA00E623787D3000F9239B /* LaunchScreen.storyboard */; };
		A4DA00F223787D7600F9239B /* RootViewController.swift in Sources */ = {isa = PBXBuildFile; fileRef = A4DA00F123787D7600F9239B /* RootViewController.swift */; };
		A4DA00F523787DDE00F9239B /* Pluot.framework in Frameworks */ = {isa = PBXBuildFile; fileRef = A4DA00F423787DDE00F9239B /* Pluot.framework */; };
		A4DA00F623787DDE00F9239B /* Pluot.framework in Embed Frameworks */ = {isa = PBXBuildFile; fileRef = A4DA00F423787DDE00F9239B /* Pluot.framework */; settings = {ATTRIBUTES = (CodeSignOnCopy, RemoveHeadersOnCopy, ); }; };
/* End PBXBuildFile section */

/* Begin PBXCopyFilesBuildPhase section */
		A4DA00F723787DDE00F9239B /* Embed Frameworks */ = {
			isa = PBXCopyFilesBuildPhase;
			buildActionMask = 2147483647;
			dstPath = "";
			dstSubfolderSpec = 10;
			files = (
				A4DA00F623787DDE00F9239B /* Pluot.framework in Embed Frameworks */,
			);
			name = "Embed Frameworks";
			runOnlyForDeploymentPostprocessing = 0;
		};
/* End PBXCopyFilesBuildPhase section */

/* Begin PBXFileReference section */
		A4DA00D823787D2E00F9239B /* PluotExample.app */ = {isa = PBXFileReference; explicitFileType = wrapper.application; includeInIndex = 0; path = PluotExample.app; sourceTree = BUILT_PRODUCTS_DIR; };
		A4DA00DB23787D2E00F9239B /* AppDelegate.swift */ = {isa = PBXFileReference; lastKnownFileType = sourcecode.swift; path = AppDelegate.swift; sourceTree = "<group>"; };
		A4DA00E423787D3000F9239B /* Assets.xcassets */ = {isa = PBXFileReference; lastKnownFileType = folder.assetcatalog; path = Assets.xcassets; sourceTree = "<group>"; };
		A4DA00E723787D3000F9239B /* Base */ = {isa = PBXFileReference; lastKnownFileType = file.storyboard; name = Base; path = Base.lproj/LaunchScreen.storyboard; sourceTree = "<group>"; };
		A4DA00E923787D3000F9239B /* Info.plist */ = {isa = PBXFileReference; lastKnownFileType = text.plist.xml; path = Info.plist; sourceTree = "<group>"; };
		A4DA00F123787D7600F9239B /* RootViewController.swift */ = {isa = PBXFileReference; fileEncoding = 4; lastKnownFileType = sourcecode.swift; path = RootViewController.swift; sourceTree = "<group>"; };
		A4DA00F423787DDE00F9239B /* Pluot.framework */ = {isa = PBXFileReference; explicitFileType = wrapper.framework; path = Pluot.framework; sourceTree = BUILT_PRODUCTS_DIR; };
/* End PBXFileReference section */

/* Begin PBXFrameworksBuildPhase section */
		A4DA00D523787D2E00F9239B /* Frameworks */ = {
			isa = PBXFrameworksBuildPhase;
			buildActionMask = 2147483647;
			files = (
				A4DA00F523787DDE00F9239B /* Pluot.framework in Frameworks */,
			);
			runOnlyForDeploymentPostprocessing = 0;
		};
/* End PBXFrameworksBuildPhase section */

/* Begin PBXGroup section */
		A4DA00CF23787D2E00F9239B = {
			isa = PBXGroup;
			children = (
				A4DA00DA23787D2E00F9239B /* PluotExample */,
				A4DA00D923787D2E00F9239B /* Products */,
				A4DA00F323787DDE00F9239B /* Frameworks */,
			);
			sourceTree = "<group>";
		};
		A4DA00D923787D2E00F9239B /* Products */ = {
			isa = PBXGroup;
			children = (
				A4DA00D823787D2E00F9239B /* PluotExample.app */,
			);
			name = Products;
			sourceTree = "<group>";
		};
		A4DA00DA23787D2E00F9239B /* PluotExample */ = {
			isa = PBXGroup;
			children = (
				A4DA00F023787D6400F9239B /* Source */,
				A4DA00EF23787D5D00F9239B /* Supporting Files */,
			);
			path = PluotExample;
			sourceTree = "<group>";
		};
		A4DA00EF23787D5D00F9239B /* Supporting Files */ = {
			isa = PBXGroup;
			children = (
				A4DA00E423787D3000F9239B /* Assets.xcassets */,
				A4DA00E623787D3000F9239B /* LaunchScreen.storyboard */,
				A4DA00E923787D3000F9239B /* Info.plist */,
			);
			path = "Supporting Files";
			sourceTree = "<group>";
		};
		A4DA00F023787D6400F9239B /* Source */ = {
			isa = PBXGroup;
			children = (
				A4DA00DB23787D2E00F9239B /* AppDelegate.swift */,
				A4DA00F123787D7600F9239B /* RootViewController.swift */,
			);
			path = Source;
			sourceTree = "<group>";
		};
		A4DA00F323787DDE00F9239B /* Frameworks */ = {
			isa = PBXGroup;
			children = (
				A4DA00F423787DDE00F9239B /* Pluot.framework */,
			);
			name = Frameworks;
			sourceTree = "<group>";
		};
/* End PBXGroup section */

/* Begin PBXNativeTarget section */
		A4DA00D723787D2E00F9239B /* PluotExample */ = {
			isa = PBXNativeTarget;
			buildConfigurationList = A4DA00EC23787D3000F9239B /* Build configuration list for PBXNativeTarget "PluotExample" */;
			buildPhases = (
				A4DA00D423787D2E00F9239B /* Sources */,
				A4DA00D523787D2E00F9239B /* Frameworks */,
				A4DA00D623787D2E00F9239B /* Resources */,
				A4DA00F723787DDE00F9239B /* Embed Frameworks */,
			);
			buildRules = (
			);
			dependencies = (
			);
			name = PluotExample;
			productName = PluotExample;
			productReference = A4DA00D823787D2E00F9239B /* PluotExample.app */;
			productType = "com.apple.product-type.application";
		};
/* End PBXNativeTarget section */

/* Begin PBXProject section */
		A4DA00D023787D2E00F9239B /* Project object */ = {
			isa = PBXProject;
			attributes = {
				LastSwiftUpdateCheck = 1120;
				LastUpgradeCheck = 1120;
				ORGANIZATIONNAME = "Plum Fintech Limited";
				TargetAttributes = {
					A4DA00D723787D2E00F9239B = {
						CreatedOnToolsVersion = 11.2;
					};
				};
			};
			buildConfigurationList = A4DA00D323787D2E00F9239B /* Build configuration list for PBXProject "PluotExample" */;
			compatibilityVersion = "Xcode 9.3";
			developmentRegion = en;
			hasScannedForEncodings = 0;
			knownRegions = (
				en,
				Base,
			);
			mainGroup = A4DA00CF23787D2E00F9239B;
			productRefGroup = A4DA00D923787D2E00F9239B /* Products */;
			projectDirPath = "";
			projectRoot = "";
			targets = (
				A4DA00D723787D2E00F9239B /* PluotExample */,
			);
		};
/* End PBXProject section */

/* Begin PBXResourcesBuildPhase section */
		A4DA00D623787D2E00F9239B /* Resources */ = {
			isa = PBXResourcesBuildPhase;
			buildActionMask = 2147483647;
			files = (
				A4DA00E823787D3000F9239B /* LaunchScreen.storyboard in Resources */,
				A4DA00E523787D3000F9239B /* Assets.xcassets in Resources */,
			);
			runOnlyForDeploymentPostprocessing = 0;
		};
/* End PBXResourcesBuildPhase section */

/* Begin PBXSourcesBuildPhase section */
		A4DA00D423787D2E00F9239B /* Sources */ = {
			isa = PBXSourcesBuildPhase;
			buildActionMask = 2147483647;
			files = (
				A4DA00DC23787D2E00F9239B /* AppDelegate.swift in Sources */,
				A4DA00F223787D7600F9239B /* RootViewController.swift in Sources */,
			);
			runOnlyForDeploymentPostprocessing = 0;
		};
/* End PBXSourcesBuildPhase section */

/* Begin PBXVariantGroup section */
		A4DA00E623787D3000F9239B /* LaunchScreen.storyboard */ = {
			isa = PBXVariantGroup;
			children = (
				A4DA00E723787D3000F9239B /* Base */,
			);
			name = LaunchScreen.storyboard;
			sourceTree = "<group>";
		};
/* End PBXVariantGroup section */

/* Begin XCBuildConfiguration section */
		A4DA00EA23787D3000F9239B /* Debug */ = {
			isa = XCBuildConfiguration;
			buildSettings = {
				ALWAYS_SEARCH_USER_PATHS = NO;
				CLANG_ANALYZER_NONNULL = YES;
				CLANG_ANALYZER_NUMBER_OBJECT_CONVERSION = YES_AGGRESSIVE;
				CLANG_CXX_LANGUAGE_STANDARD = "gnu++14";
				CLANG_CXX_LIBRARY = "libc++";
				CLANG_ENABLE_MODULES = YES;
				CLANG_ENABLE_OBJC_ARC = YES;
				CLANG_ENABLE_OBJC_WEAK = YES;
				CLANG_WARN_BLOCK_CAPTURE_AUTORELEASING = YES;
				CLANG_WARN_BOOL_CONVERSION = YES;
				CLANG_WARN_COMMA = YES;
				CLANG_WARN_CONSTANT_CONVERSION = YES;
				CLANG_WARN_DEPRECATED_OBJC_IMPLEMENTATIONS = YES;
				CLANG_WARN_DIRECT_OBJC_ISA_USAGE = YES_ERROR;
				CLANG_WARN_DOCUMENTATION_COMMENTS = YES;
				CLANG_WARN_EMPTY_BODY = YES;
				CLANG_WARN_ENUM_CONVERSION = YES;
				CLANG_WARN_INFINITE_RECURSION = YES;
				CLANG_WARN_INT_CONVERSION = YES;
				CLANG_WARN_NON_LITERAL_NULL_CONVERSION = YES;
				CLANG_WARN_OBJC_IMPLICIT_RETAIN_SELF = YES;
				CLANG_WARN_OBJC_LITERAL_CONVERSION = YES;
				CLANG_WARN_OBJC_ROOT_CLASS = YES_ERROR;
				CLANG_WARN_RANGE_LOOP_ANALYSIS = YES;
				CLANG_WARN_STRICT_PROTOTYPES = YES;
				CLANG_WARN_SUSPICIOUS_MOVE = YES;
				CLANG_WARN_UNGUARDED_AVAILABILITY = YES_AGGRESSIVE;
				CLANG_WARN_UNREACHABLE_CODE = YES;
				CLANG_WARN__DUPLICATE_METHOD_MATCH = YES;
				COPY_PHASE_STRIP = NO;
				DEBUG_INFORMATION_FORMAT = dwarf;
				ENABLE_STRICT_OBJC_MSGSEND = YES;
				ENABLE_TESTABILITY = YES;
				GCC_C_LANGUAGE_STANDARD = gnu11;
				GCC_DYNAMIC_NO_PIC = NO;
				GCC_NO_COMMON_BLOCKS = YES;
				GCC_OPTIMIZATION_LEVEL = 0;
				GCC_PREPROCESSOR_DEFINITIONS = (
					"DEBUG=1",
					"$(inherited)",
				);
				GCC_WARN_64_TO_32_BIT_CONVERSION = YES;
				GCC_WARN_ABOUT_RETURN_TYPE = YES_ERROR;
				GCC_WARN_UNDECLARED_SELECTOR = YES;
				GCC_WARN_UNINITIALIZED_AUTOS = YES_AGGRESSIVE;
				GCC_WARN_UNUSED_FUNCTION = YES;
				GCC_WARN_UNUSED_VARIABLE = YES;
				IPHONEOS_DEPLOYMENT_TARGET = 13.2;
				MTL_ENABLE_DEBUG_INFO = INCLUDE_SOURCE;
				MTL_FAST_MATH = YES;
				ONLY_ACTIVE_ARCH = YES;
				SDKROOT = iphoneos;
				SWIFT_ACTIVE_COMPILATION_CONDITIONS = DEBUG;
				SWIFT_OPTIMIZATION_LEVEL = "-Onone";
			};
			name = Debug;
		};
		A4DA00EB23787D3000F9239B /* Release */ = {
			isa = XCBuildConfiguration;
			buildSettings = {
				ALWAYS_SEARCH_USER_PATHS = NO;
				CLANG_ANALYZER_NONNULL = YES;
				CLANG_ANALYZER_NUMBER_OBJECT_CONVERSION = YES_AGGRESSIVE;
				CLANG_CXX_LANGUAGE_STANDARD = "gnu++14";
				CLANG_CXX_LIBRARY = "libc++";
				CLANG_ENABLE_MODULES = YES;
				CLANG_ENABLE_OBJC_ARC = YES;
				CLANG_ENABLE_OBJC_WEAK = YES;
				CLANG_WARN_BLOCK_CAPTURE_AUTORELEASING = YES;
				CLANG_WARN_BOOL_CONVERSION = YES;
				CLANG_WARN_COMMA = YES;
				CLANG_WARN_CONSTANT_CONVERSION = YES;
				CLANG_WARN_DEPRECATED_OBJC_IMPLEMENTATIONS = YES;
				CLANG_WARN_DIRECT_OBJC_ISA_USAGE = YES_ERROR;
				CLANG_WARN_DOCUMENTATION_COMMENTS = YES;
				CLANG_WARN_EMPTY_BODY = YES;
				CLANG_WARN_ENUM_CONVERSION = YES;
				CLANG_WARN_INFINITE_RECURSION = YES;
				CLANG_WARN_INT_CONVERSION = YES;
				CLANG_WARN_NON_LITERAL_NULL_CONVERSION = YES;
				CLANG_WARN_OBJC_IMPLICIT_RETAIN_SELF = YES;
				CLANG_WARN_OBJC_LITERAL_CONVERSION = YES;
				CLANG_WARN_OBJC_ROOT_CLASS = YES_ERROR;
				CLANG_WARN_RANGE_LOOP_ANALYSIS = YES;
				CLANG_WARN_STRICT_PROTOTYPES = YES;
				CLANG_WARN_SUSPICIOUS_MOVE = YES;
				CLANG_WARN_UNGUARDED_AVAILABILITY = YES_AGGRESSIVE;
				CLANG_WARN_UNREACHABLE_CODE = YES;
				CLANG_WARN__DUPLICATE_METHOD_MATCH = YES;
				COPY_PHASE_STRIP = NO;
				DEBUG_INFORMATION_FORMAT = "dwarf-with-dsym";
				ENABLE_NS_ASSERTIONS = NO;
				ENABLE_STRICT_OBJC_MSGSEND = YES;
				GCC_C_LANGUAGE_STANDARD = gnu11;
				GCC_NO_COMMON_BLOCKS = YES;
				GCC_WARN_64_TO_32_BIT_CONVERSION = YES;
				GCC_WARN_ABOUT_RETURN_TYPE = YES_ERROR;
				GCC_WARN_UNDECLARED_SELECTOR = YES;
				GCC_WARN_UNINITIALIZED_AUTOS = YES_AGGRESSIVE;
				GCC_WARN_UNUSED_FUNCTION = YES;
				GCC_WARN_UNUSED_VARIABLE = YES;
				IPHONEOS_DEPLOYMENT_TARGET = 13.2;
				MTL_ENABLE_DEBUG_INFO = NO;
				MTL_FAST_MATH = YES;
				SDKROOT = iphoneos;
				SWIFT_COMPILATION_MODE = wholemodule;
				SWIFT_OPTIMIZATION_LEVEL = "-O";
				VALIDATE_PRODUCT = YES;
			};
			name = Release;
		};
		A4DA00ED23787D3000F9239B /* Debug */ = {
			isa = XCBuildConfiguration;
			buildSettings = {
				ASSETCATALOG_COMPILER_APPICON_NAME = AppIcon;
				CODE_SIGN_STYLE = Automatic;
				DEVELOPMENT_TEAM = URBNY2UJHN;
				INFOPLIST_FILE = "PluotExample/Supporting Files/Info.plist";
				LD_RUNPATH_SEARCH_PATHS = (
					"$(inherited)",
					"@executable_path/Frameworks",
				);
				PRODUCT_BUNDLE_IDENTIFIER = com.plum.PluotExample;
				PRODUCT_NAME = "$(TARGET_NAME)";
				SWIFT_VERSION = 5.0;
				TARGETED_DEVICE_FAMILY = "1,2";
			};
			name = Debug;
		};
		A4DA00EE23787D3000F9239B /* Release */ = {
			isa = XCBuildConfiguration;
			buildSettings = {
				ASSETCATALOG_COMPILER_APPICON_NAME = AppIcon;
				CODE_SIGN_STYLE = Automatic;
				DEVELOPMENT_TEAM = URBNY2UJHN;
				INFOPLIST_FILE = "PluotExample/Supporting Files/Info.plist";
				LD_RUNPATH_SEARCH_PATHS = (
					"$(inherited)",
					"@executable_path/Frameworks",
				);
				PRODUCT_BUNDLE_IDENTIFIER = com.plum.PluotExample;
				PRODUCT_NAME = "$(TARGET_NAME)";
				SWIFT_VERSION = 5.0;
				TARGETED_DEVICE_FAMILY = "1,2";
			};
			name = Release;
		};
/* End XCBuildConfiguration section */

/* Begin XCConfigurationList section */
		A4DA00D323787D2E00F9239B /* Build configuration list for PBXProject "PluotExample" */ = {
			isa = XCConfigurationList;
			buildConfigurations = (
				A4DA00EA23787D3000F9239B /* Debug */,
				A4DA00EB23787D3000F9239B /* Release */,
			);
			defaultConfigurationIsVisible = 0;
			defaultConfigurationName = Release;
		};
		A4DA00EC23787D3000F9239B /* Build configuration list for PBXNativeTarget "PluotExample" */ = {
			isa = XCConfigurationList;
			buildConfigurations = (
				A4DA00ED23787D3000F9239B /* Debug */,
				A4DA00EE23787D3000F9239B /* Release */,
			);
			defaultConfigurationIsVisible = 0;
			defaultConfigurationName = Release;
		};
/* End XCConfigurationList section */
	};
	rootObject = A4DA00D023787D2E00F9239B /* Project object */;
}
